# This file was autogenerated by Stack.
# You should not edit this file by hand.
# For more information, please see the documentation at:
#   https://docs.haskellstack.org/en/stable/topics/lock_files

packages:
- completed:
    hackage: type-level-sets-0.8.9.0@sha256:37845591544072196cf8c2f9eb8b64a9e6b3e13d3a8e432a7fd99defe9a2a7dd,3126
    pantry-tree:
      sha256: 1c395ca68263cb3af6de7c60e6e2900a397dad74a9a042ff539f7fb4fdbf080f
      size: 382
  original:
    hackage: type-level-sets-0.8.9.0
snapshots:
- completed:
    sha256: 428ec8d5ce932190d3cbe266b9eb3c175cd81e984babf876b64019e2cbe4ea68
    size: 590100
    url: https://raw.githubusercontent.com/commercialhaskell/stackage-snapshots/master/lts/18/28.yaml
  original:
    url: https://raw.githubusercontent.com/commercialhaskell/stackage-snapshots/master/lts/18/28.yaml
