# This file was autogenerated by Stack.
# You should not edit this file by hand.
# For more information, please see the documentation at:
#   https://docs.haskellstack.org/en/stable/topics/lock_files

packages:
- completed:
    hackage: type-level-sets-0.8.9.0@sha256:37845591544072196cf8c2f9eb8b64a9e6b3e13d3a8e432a7fd99defe9a2a7dd,3126
    pantry-tree:
      sha256: 1c395ca68263cb3af6de7c60e6e2900a397dad74a9a042ff539f7fb4fdbf080f
      size: 382
  original:
    hackage: type-level-sets-0.8.9.0
snapshots:
- completed:
    sha256: 29e9ff61b8bf4b4fcff55cde3ac106ebb971f0d21331dccac9eee63374fa6ca8
    size: 491373
    url: https://raw.githubusercontent.com/commercialhaskell/stackage-snapshots/master/lts/15/3.yaml
  original:
    url: https://raw.githubusercontent.com/commercialhaskell/stackage-snapshots/master/lts/15/3.yaml
